github.com/pythonian23/SMoRe v0.0.0-20220515103553-ec2930b21952 h1:vsarHxkXfGfiYcaR0b/8J6trC0B1XwQcaphCZd9CH2E=
github.com/pythonian23/SMoRe v0.0.0-20220515103553-ec2930b21952/go.mod h1:g3gW/05d0CKczlTFwoGI6yJ11B0O8OzundN/LNgHrtg=
github.com/spf13/pflag v1.0.5 h1:iy+VFUOCP1a+8yFto/drg2CJ5u0yRoB7fZw3DKv/JXA=
github.com/spf13/pflag v1.0.5/go.mod h1:McXfInJRrz4CZXVZOBLb0bTZqETkiAhM9Iw0y3An2Bg=
